
Microsoft Visual Studio Solution File, Format Version 12.00
# Visual Studio Version 16
VisualStudioVersion = 16.0.29911.98
MinimumVisualStudioVersion = 10.0.40219.1
Project("{FAE04EC0-301F-11D3-BF4B-00C04F79EFBC}") = "API_ANSPRICING", "API_ANSPRICING\API_ANSPRICING.csproj", "{D1BC8EB1-400D-42F6-8A19-91B666945C2F}"
EndProject
Global
	GlobalSection(SolutionConfigurationPlatforms) = preSolution
		Debug|Any CPU = Debug|Any CPU
		Release|Any CPU = Release|Any CPU
	EndGlobalSection
	GlobalSection(ProjectConfigurationPlatforms) = postSolution
		{D1BC8EB1-400D-42F6-8A19-91B666945C2F}.Debug|Any CPU.ActiveCfg = Debug|Any CPU
		{D1BC8EB1-400D-42F6-8A19-91B666945C2F}.Debug|Any CPU.Build.0 = Debug|Any CPU
		{D1BC8EB1-400D-42F6-8A19-91B666945C2F}.Release|Any CPU.ActiveCfg = Release|Any CPU
		{D1BC8EB1-400D-42F6-8A19-91B666945C2F}.Release|Any CPU.Build.0 = Release|Any CPU
	EndGlobalSection
	GlobalSection(SolutionProperties) = preSolution
		HideSolutionNode = FALSE
	EndGlobalSection
	GlobalSection(ExtensibilityGlobals) = postSolution
		SolutionGuid = {58C5F922-FE09-4458-952A-57A1792B98B3}
	EndGlobalSection
EndGlobal
